
Microsoft Visual Studio Solution File, Format Version 12.00
# Visual Studio Version 17
VisualStudioVersion = 17.13.35931.197 d17.13
MinimumVisualStudioVersion = 10.0.40219.1
Project("{FAE04EC0-301F-11D3-BF4B-00C04F79EFBC}") = "TopicosP1Backend", "TopicosP1Backend\TopicosP1Backend.csproj", "{A27DE752-5438-43B4-8BE9-CD32D0101B11}"
EndProject
Global
	GlobalSection(SolutionConfigurationPlatforms) = preSolution
		Debug|Any CPU = Debug|Any CPU
		Release|Any CPU = Release|Any CPU
	EndGlobalSection
	GlobalSection(ProjectConfigurationPlatforms) = postSolution
		{A27DE752-5438-43B4-8BE9-CD32D0101B11}.Debug|Any CPU.ActiveCfg = Debug|Any CPU
		{A27DE752-5438-43B4-8BE9-CD32D0101B11}.Debug|Any CPU.Build.0 = Debug|Any CPU
		{A27DE752-5438-43B4-8BE9-CD32D0101B11}.Release|Any CPU.ActiveCfg = Release|Any CPU
		{A27DE752-5438-43B4-8BE9-CD32D0101B11}.Release|Any CPU.Build.0 = Release|Any CPU
	EndGlobalSection
	GlobalSection(SolutionProperties) = preSolution
		HideSolutionNode = FALSE
	EndGlobalSection
	GlobalSection(ExtensibilityGlobals) = postSolution
		SolutionGuid = {EDF91EFF-E3C9-4D53-B5BD-55CCE52FA8BE}
	EndGlobalSection
EndGlobal
